{
	"R" : {
		"Version" : "4.1.1",
		"Repositories" : [
			{
				"Name" : "CRAN",
				"URL" : "https://cran.rstudio.com"
			}
		]
	},
	"Packages" : {
		"CohortDiagnostics" : {
			"Package" : "CohortDiagnostics",
			"Version" : "2.2.0",
			"Source" : "GitHub",
			"RemoteType" : "github",
			"RemoteHost" : "api.github.com",
			"RemoteRepo" : "CohortDiagnostics",
			"RemoteUsername" : "ohdsi",
			"RemoteRef" : "v2.2.0",
			"Remotes" : "ohdsi/Eunomia, ohdsi/FeatureExtraction, ohdsi/ROhdsiWebApi,\n    ohdsi/CirceR, ohdsi/CohortGenerator",
			"Requirements" : [
				"CohortGenerator",
				"FeatureExtraction",
				"RJSONIO",
				"ROhdsiWebApi"
			]
		},
		"CohortGenerator" : {
			"Package" : "CohortGenerator",
			"Version" : "0.2.0",
			"Source" : "GitHub",
			"Remotes" : "ohdsi/CirceR, ohdsi/Eunomia, ohdsi/ROhdsiWebApi",
			"RemoteType" : "github",
			"RemoteHost" : "api.github.com",
			"RemoteRepo" : "CohortGenerator",
			"RemoteUsername" : "OHDSI",
			"RemoteRef" : "v0.2.0",
			"Requirements" : "RJSONIO"
		},
		"FeatureExtraction" : {
			"Package" : "FeatureExtraction",
			"Version" : "3.2.0",
			"Source" : "GitHub",
			"Remotes" : "ohdsi/Eunomia",
			"RemoteType" : "github",
			"RemoteHost" : "api.github.com",
			"RemoteRepo" : "FeatureExtraction",
			"RemoteUsername" : "OHDSI",
			"RemoteRef" : "v3.2.0",
			"Requirements" : []
		},
		"OhdsiRTools" : {
			"Package" : "OhdsiRTools",
			"Version" : "2.0.0",
			"Source" : "GitHub",
			"RemoteType" : "github",
			"RemoteHost" : "api.github.com",
			"RemoteRepo" : "OhdsiRTools",
			"RemoteUsername" : "OHDSI",
			"RemoteRef" : "v2.0.0",
			"Requirements" : [
				"RJSONIO",
				"codetools"
			]
		},
		"OhdsiSharing" : {
			"Package" : "OhdsiSharing",
			"Version" : "0.2.2",
			"Source" : "GitHub",
			"RemoteType" : "github",
			"RemoteHost" : "api.github.com",
			"RemoteRepo" : "OhdsiSharing",
			"RemoteUsername" : "OHDSI",
			"RemoteRef" : "v0.2.2",
			"Requirements" : []
		},
		"RJSONIO" : {
			"Package" : "RJSONIO",
			"Version" : "1.3-1.6",
			"Source" : "Repository",
			"Repository" : "CRAN",
			"Hash" : "0c7658433758cea5bcae50edd02b55b7",
			"Requirements" : []
		},
		"ROhdsiWebApi" : {
			"Package" : "ROhdsiWebApi",
			"Version" : "1.3.1",
			"Source" : "unknown",
			"Hash" : "207f1f3cfdd989e6fc04451d28d1efed",
			"Requirements" : "RJSONIO"
		},
		"codetools" : {
			"Package" : "codetools",
			"Version" : "0.2-18",
			"Source" : "Repository",
			"Repository" : "CRAN",
			"Hash" : "019388fc48e48b3da0d3a76ff94608a8",
			"Requirements" : []
		},
		"renv" : {
			"Package" : "renv",
			"Version" : "0.15.2",
			"Source" : "Repository",
			"Repository" : "CRAN",
			"Hash" : "206c4ef8b7ad6fb1060d69aa7b9dfe69",
			"Requirements" : []
		}
	}
}